{
    "_meta": {
        "hash": {
            "sha256": "c192cc891d136e4493e77d3c8b90b4a30bcb76e7cbf877d7f79a328e103b1a54"
        },
        "pipfile-spec": 6,
        "requires": {
            "python_version": "3.7"
        },
        "sources": [
            {
                "name": "pypi",
                "url": "https://pypi.org/simple",
                "verify_ssl": true
            }
        ]
    },
    "default": {
        "click": {
            "hashes": [
                "sha256:2335065e6395b9e67ca716de5f7526736bfa6ceead690adf616d925bdc622b13",
                "sha256:5b94b49521f6456670fdb30cd82a4eca9412788a93fa6dd6df72c94d5a8ff2d7"
            ],
            "index": "pypi",
            "version": "==7.0"
        },
        "colorama": {
            "hashes": [
                "sha256:463f8483208e921368c9f306094eb6f725c6ca42b0f97e313cb5d5512459feda",
                "sha256:48eb22f4f8461b1df5734a074b57042430fb06e1d61bd1e11b078c0fe6d7a1f1"
            ],
            "version": "==0.3.9"
        },
        "docutils": {
            "hashes": [
                "sha256:02aec4bd92ab067f6ff27a38a38a41173bf01bed8f89157768c1573f53e474a6",
                "sha256:51e64ef2ebfb29cae1faa133b3710143496eca21c530f3f71424d77687764274",
                "sha256:7a4bd47eaf6596e1295ecb11361139febe29b084a87bf005bf899f9a42edc3c6"
            ],
            "version": "==0.14"
        },
        "fsoopify": {
            "hashes": [
                "sha256:e66992840fefc37303ea5e9897b6fb6489d63dc90744e2678141f87c9fe6fb8e"
            ],
            "index": "pypi",
            "version": "==0.2.0"
        },
        "input-picker": {
            "hashes": [
                "sha256:3aedbe2afcc7ca9bd43fc06a4ac9cec32898b38810d5ead3be763308e4e096c0"
            ],
            "version": "==0.1.2.0"
        },
        "m2r": {
            "hashes": [
                "sha256:b64ee5ac870311a69967fe787be8607df67b02a329f0fc76c8bf477336a99c78"
            ],
            "index": "pypi",
            "version": "==0.2.0"
        },
        "mistune": {
            "hashes": [
                "sha256:b4c512ce2fc99e5a62eb95a4aba4b73e5f90264115c40b70a21e1f7d4e0eac91",
                "sha256:bc10c33bfdcaa4e749b779f62f60d6e12f8215c46a292d05e486b869ae306619"
            ],
            "version": "==0.8.3"
        },
        "wheel": {
            "hashes": [
                "sha256:0a2e54558a0628f2145d2fc822137e322412115173e8a2ddbe1c9024338ae83c",
                "sha256:80044e51ec5bbf6c894ba0bc48d26a8c20a9ba629f4ca19ea26ecfcf87685f5f"
            ],
            "index": "pypi",
            "version": "==0.31.1"
        }
    },
    "develop": {}
}
